
Microsoft Visual Studio Solution File, Format Version 12.00
# Visual Studio Version 17
VisualStudioVersion = 17.4.33403.182
MinimumVisualStudioVersion = 10.0.40219.1
Project("{FAE04EC0-301F-11D3-BF4B-00C04F79EFBC}") = "OrdenamientoInsertion", "OrdenamientoInsertion\OrdenamientoInsertion.csproj", "{6421EC9F-7F55-4A43-9C1B-32F8A40EBD34}"
EndProject
Global
	GlobalSection(SolutionConfigurationPlatforms) = preSolution
		Debug|Any CPU = Debug|Any CPU
		Release|Any CPU = Release|Any CPU
	EndGlobalSection
	GlobalSection(ProjectConfigurationPlatforms) = postSolution
		{6421EC9F-7F55-4A43-9C1B-32F8A40EBD34}.Debug|Any CPU.ActiveCfg = Debug|Any CPU
		{6421EC9F-7F55-4A43-9C1B-32F8A40EBD34}.Debug|Any CPU.Build.0 = Debug|Any CPU
		{6421EC9F-7F55-4A43-9C1B-32F8A40EBD34}.Release|Any CPU.ActiveCfg = Release|Any CPU
		{6421EC9F-7F55-4A43-9C1B-32F8A40EBD34}.Release|Any CPU.Build.0 = Release|Any CPU
	EndGlobalSection
	GlobalSection(SolutionProperties) = preSolution
		HideSolutionNode = FALSE
	EndGlobalSection
	GlobalSection(ExtensibilityGlobals) = postSolution
		SolutionGuid = {7FF5107C-3E2A-488A-AB9F-955962CAB524}
	EndGlobalSection
EndGlobal
